
Microsoft Visual Studio Solution File, Format Version 12.00
# Visual Studio 15
VisualStudioVersion = 15.0.28307.960
MinimumVisualStudioVersion = 10.0.40219.1
Project("{8BC9CEB8-8B4A-11D0-8D11-00A0C91BC942}") = "LearnOpenGL", "LearnOpenGL\LearnOpenGL.vcxproj", "{4D4CEF19-38B1-4ABF-969F-264BF0991E9B}"
EndProject
Global
	GlobalSection(SolutionConfigurationPlatforms) = preSolution
		Debug|x64 = Debug|x64
		Debug|x86 = Debug|x86
		Release|x64 = Release|x64
		Release|x86 = Release|x86
	EndGlobalSection
	GlobalSection(ProjectConfigurationPlatforms) = postSolution
		{4D4CEF19-38B1-4ABF-969F-264BF0991E9B}.Debug|x64.ActiveCfg = Debug|x64
		{4D4CEF19-38B1-4ABF-969F-264BF0991E9B}.Debug|x64.Build.0 = Debug|x64
		{4D4CEF19-38B1-4ABF-969F-264BF0991E9B}.Debug|x86.ActiveCfg = Debug|Win32
		{4D4CEF19-38B1-4ABF-969F-264BF0991E9B}.Debug|x86.Build.0 = Debug|Win32
		{4D4CEF19-38B1-4ABF-969F-264BF0991E9B}.Release|x64.ActiveCfg = Release|x64
		{4D4CEF19-38B1-4ABF-969F-264BF0991E9B}.Release|x64.Build.0 = Release|x64
		{4D4CEF19-38B1-4ABF-969F-264BF0991E9B}.Release|x86.ActiveCfg = Release|Win32
		{4D4CEF19-38B1-4ABF-969F-264BF0991E9B}.Release|x86.Build.0 = Release|Win32
	EndGlobalSection
	GlobalSection(SolutionProperties) = preSolution
		HideSolutionNode = FALSE
	EndGlobalSection
	GlobalSection(ExtensibilityGlobals) = postSolution
		SolutionGuid = {945330D8-8DF5-4440-981C-4E7BAA4406D0}
	EndGlobalSection
EndGlobal
